// !$*UTF8*$!
{
	archiveVersion = 1;
	classes = {
	};
	objectVersion = 56;
	objects = {

/* Begin PBXBuildFile section */
		12536DA329CCD4B800CBF0BE /* AppDelegate.swift in Sources */ = {isa = PBXBuildFile; fileRef = 12536DA229CCD4B800CBF0BE /* AppDelegate.swift */; };
		12536DA529CCD4B800CBF0BE /* SceneDelegate.swift in Sources */ = {isa = PBXBuildFile; fileRef = 12536DA429CCD4B800CBF0BE /* SceneDelegate.swift */; };
		12536DA729CCD4B800CBF0BE /* ViewController.swift in Sources */ = {isa = PBXBuildFile; fileRef = 12536DA629CCD4B800CBF0BE /* ViewController.swift */; };
		12536DAA29CCD4B800CBF0BE /* Main.storyboard in Resources */ = {isa = PBXBuildFile; fileRef = 12536DA829CCD4B800CBF0BE /* Main.storyboard */; };
		12536DAC29CCD4BA00CBF0BE /* Assets.xcassets in Resources */ = {isa = PBXBuildFile; fileRef = 12536DAB29CCD4BA00CBF0BE /* Assets.xcassets */; };
		12536DAF29CCD4BA00CBF0BE /* LaunchScreen.storyboard in Resources */ = {isa = PBXBuildFile; fileRef = 12536DAD29CCD4BA00CBF0BE /* LaunchScreen.storyboard */; };
		12536DBA29CCD4BA00CBF0BE /* Yumurta_ZamanlayicisiTests.swift in Sources */ = {isa = PBXBuildFile; fileRef = 12536DB929CCD4BA00CBF0BE /* Yumurta_ZamanlayicisiTests.swift */; };
		12536DC429CCD4BA00CBF0BE /* Yumurta_ZamanlayicisiUITests.swift in Sources */ = {isa = PBXBuildFile; fileRef = 12536DC329CCD4BA00CBF0BE /* Yumurta_ZamanlayicisiUITests.swift */; };
		12536DC629CCD4BA00CBF0BE /* Yumurta_ZamanlayicisiUITestsLaunchTests.swift in Sources */ = {isa = PBXBuildFile; fileRef = 12536DC529CCD4BA00CBF0BE /* Yumurta_ZamanlayicisiUITestsLaunchTests.swift */; };
/* End PBXBuildFile section */

/* Begin PBXContainerItemProxy section */
		12536DB629CCD4BA00CBF0BE /* PBXContainerItemProxy */ = {
			isa = PBXContainerItemProxy;
			containerPortal = 12536D9729CCD4B800CBF0BE /* Project object */;
			proxyType = 1;
			remoteGlobalIDString = 12536D9E29CCD4B800CBF0BE;
			remoteInfo = "Yumurta Zamanlayicisi";
		};
		12536DC029CCD4BA00CBF0BE /* PBXContainerItemProxy */ = {
			isa = PBXContainerItemProxy;
			containerPortal = 12536D9729CCD4B800CBF0BE /* Project object */;
			proxyType = 1;
			remoteGlobalIDString = 12536D9E29CCD4B800CBF0BE;
			remoteInfo = "Yumurta Zamanlayicisi";
		};
/* End PBXContainerItemProxy section */

/* Begin PBXFileReference section */
		12536D9F29CCD4B800CBF0BE /* Yumurta Zamanlayicisi.app */ = {isa = PBXFileReference; explicitFileType = wrapper.application; includeInIndex = 0; path = "Yumurta Zamanlayicisi.app"; sourceTree = BUILT_PRODUCTS_DIR; };
		12536DA229CCD4B800CBF0BE /* AppDelegate.swift */ = {isa = PBXFileReference; lastKnownFileType = sourcecode.swift; path = AppDelegate.swift; sourceTree = "<group>"; };
		12536DA429CCD4B800CBF0BE /* SceneDelegate.swift */ = {isa = PBXFileReference; lastKnownFileType = sourcecode.swift; path = SceneDelegate.swift; sourceTree = "<group>"; };
		12536DA629CCD4B800CBF0BE /* ViewController.swift */ = {isa = PBXFileReference; lastKnownFileType = sourcecode.swift; path = ViewController.swift; sourceTree = "<group>"; };
		12536DA929CCD4B800CBF0BE /* Base */ = {isa = PBXFileReference; lastKnownFileType = file.storyboard; name = Base; path = Base.lproj/Main.storyboard; sourceTree = "<group>"; };
		12536DAB29CCD4BA00CBF0BE /* Assets.xcassets */ = {isa = PBXFileReference; lastKnownFileType = folder.assetcatalog; path = Assets.xcassets; sourceTree = "<group>"; };
		12536DAE29CCD4BA00CBF0BE /* Base */ = {isa = PBXFileReference; lastKnownFileType = file.storyboard; name = Base; path = Base.lproj/LaunchScreen.storyboard; sourceTree = "<group>"; };
		12536DB029CCD4BA00CBF0BE /* Info.plist */ = {isa = PBXFileReference; lastKnownFileType = text.plist.xml; path = Info.plist; sourceTree = "<group>"; };
		12536DB529CCD4BA00CBF0BE /* Yumurta ZamanlayicisiTests.xctest */ = {isa = PBXFileReference; explicitFileType = wrapper.cfbundle; includeInIndex = 0; path = "Yumurta ZamanlayicisiTests.xctest"; sourceTree = BUILT_PRODUCTS_DIR; };
		12536DB929CCD4BA00CBF0BE /* Yumurta_ZamanlayicisiTests.swift */ = {isa = PBXFileReference; lastKnownFileType = sourcecode.swift; path = Yumurta_ZamanlayicisiTests.swift; sourceTree = "<group>"; };
		12536DBF29CCD4BA00CBF0BE /* Yumurta ZamanlayicisiUITests.xctest */ = {isa = PBXFileReference; explicitFileType = wrapper.cfbundle; includeInIndex = 0; path = "Yumurta ZamanlayicisiUITests.xctest"; sourceTree = BUILT_PRODUCTS_DIR; };
		12536DC329CCD4BA00CBF0BE /* Yumurta_ZamanlayicisiUITests.swift */ = {isa = PBXFileReference; lastKnownFileType = sourcecode.swift; path = Yumurta_ZamanlayicisiUITests.swift; sourceTree = "<group>"; };
		12536DC529CCD4BA00CBF0BE /* Yumurta_ZamanlayicisiUITestsLaunchTests.swift */ = {isa = PBXFileReference; lastKnownFileType = sourcecode.swift; path = Yumurta_ZamanlayicisiUITestsLaunchTests.swift; sourceTree = "<group>"; };
/* End PBXFileReference section */

/* Begin PBXFrameworksBuildPhase section */
		12536D9C29CCD4B800CBF0BE /* Frameworks */ = {
			isa = PBXFrameworksBuildPhase;
			buildActionMask = 2147483647;
			files = (
			);
			runOnlyForDeploymentPostprocessing = 0;
		};
		12536DB229CCD4BA00CBF0BE /* Frameworks */ = {
			isa = PBXFrameworksBuildPhase;
			buildActionMask = 2147483647;
			files = (
			);
			runOnlyForDeploymentPostprocessing = 0;
		};
		12536DBC29CCD4BA00CBF0BE /* Frameworks */ = {
			isa = PBXFrameworksBuildPhase;
			buildActionMask = 2147483647;
			files = (
			);
			runOnlyForDeploymentPostprocessing = 0;
		};
/* End PBXFrameworksBuildPhase section */

/* Begin PBXGroup section */
		12536D9629CCD4B800CBF0BE = {
			isa = PBXGroup;
			children = (
				12536DA129CCD4B800CBF0BE /* Yumurta Zamanlayicisi */,
				12536DB829CCD4BA00CBF0BE /* Yumurta ZamanlayicisiTests */,
				12536DC229CCD4BA00CBF0BE /* Yumurta ZamanlayicisiUITests */,
				12536DA029CCD4B800CBF0BE /* Products */,
			);
			sourceTree = "<group>";
		};
		12536DA029CCD4B800CBF0BE /* Products */ = {
			isa = PBXGroup;
			children = (
				12536D9F29CCD4B800CBF0BE /* Yumurta Zamanlayicisi.app */,
				12536DB529CCD4BA00CBF0BE /* Yumurta ZamanlayicisiTests.xctest */,
				12536DBF29CCD4BA00CBF0BE /* Yumurta ZamanlayicisiUITests.xctest */,
			);
			name = Products;
			sourceTree = "<group>";
		};
		12536DA129CCD4B800CBF0BE /* Yumurta Zamanlayicisi */ = {
			isa = PBXGroup;
			children = (
				12536DA229CCD4B800CBF0BE /* AppDelegate.swift */,
				12536DA429CCD4B800CBF0BE /* SceneDelegate.swift */,
				12536DA629CCD4B800CBF0BE /* ViewController.swift */,
				12536DA829CCD4B800CBF0BE /* Main.storyboard */,
				12536DAB29CCD4BA00CBF0BE /* Assets.xcassets */,
				12536DAD29CCD4BA00CBF0BE /* LaunchScreen.storyboard */,
				12536DB029CCD4BA00CBF0BE /* Info.plist */,
			);
			path = "Yumurta Zamanlayicisi";
			sourceTree = "<group>";
		};
		12536DB829CCD4BA00CBF0BE /* Yumurta ZamanlayicisiTests */ = {
			isa = PBXGroup;
			children = (
				12536DB929CCD4BA00CBF0BE /* Yumurta_ZamanlayicisiTests.swift */,
			);
			path = "Yumurta ZamanlayicisiTests";
			sourceTree = "<group>";
		};
		12536DC229CCD4BA00CBF0BE /* Yumurta ZamanlayicisiUITests */ = {
			isa = PBXGroup;
			children = (
				12536DC329CCD4BA00CBF0BE /* Yumurta_ZamanlayicisiUITests.swift */,
				12536DC529CCD4BA00CBF0BE /* Yumurta_ZamanlayicisiUITestsLaunchTests.swift */,
			);
			path = "Yumurta ZamanlayicisiUITests";
			sourceTree = "<group>";
		};
/* End PBXGroup section */

/* Begin PBXNativeTarget section */
		12536D9E29CCD4B800CBF0BE /* Yumurta Zamanlayicisi */ = {
			isa = PBXNativeTarget;
			buildConfigurationList = 12536DC929CCD4BA00CBF0BE /* Build configuration list for PBXNativeTarget "Yumurta Zamanlayicisi" */;
			buildPhases = (
				12536D9B29CCD4B800CBF0BE /* Sources */,
				12536D9C29CCD4B800CBF0BE /* Frameworks */,
				12536D9D29CCD4B800CBF0BE /* Resources */,
			);
			buildRules = (
			);
			dependencies = (
			);
			name = "Yumurta Zamanlayicisi";
			productName = "Yumurta Zamanlayicisi";
			productReference = 12536D9F29CCD4B800CBF0BE /* Yumurta Zamanlayicisi.app */;
			productType = "com.apple.product-type.application";
		};
		12536DB429CCD4BA00CBF0BE /* Yumurta ZamanlayicisiTests */ = {
			isa = PBXNativeTarget;
			buildConfigurationList = 12536DCC29CCD4BA00CBF0BE /* Build configuration list for PBXNativeTarget "Yumurta ZamanlayicisiTests" */;
			buildPhases = (
				12536DB129CCD4BA00CBF0BE /* Sources */,
				12536DB229CCD4BA00CBF0BE /* Frameworks */,
				12536DB329CCD4BA00CBF0BE /* Resources */,
			);
			buildRules = (
			);
			dependencies = (
				12536DB729CCD4BA00CBF0BE /* PBXTargetDependency */,
			);
			name = "Yumurta ZamanlayicisiTests";
			productName = "Yumurta ZamanlayicisiTests";
			productReference = 12536DB529CCD4BA00CBF0BE /* Yumurta ZamanlayicisiTests.xctest */;
			productType = "com.apple.product-type.bundle.unit-test";
		};
		12536DBE29CCD4BA00CBF0BE /* Yumurta ZamanlayicisiUITests */ = {
			isa = PBXNativeTarget;
			buildConfigurationList = 12536DCF29CCD4BA00CBF0BE /* Build configuration list for PBXNativeTarget "Yumurta ZamanlayicisiUITests" */;
			buildPhases = (
				12536DBB29CCD4BA00CBF0BE /* Sources */,
				12536DBC29CCD4BA00CBF0BE /* Frameworks */,
				12536DBD29CCD4BA00CBF0BE /* Resources */,
			);
			buildRules = (
			);
			dependencies = (
				12536DC129CCD4BA00CBF0BE /* PBXTargetDependency */,
			);
			name = "Yumurta ZamanlayicisiUITests";
			productName = "Yumurta ZamanlayicisiUITests";
			productReference = 12536DBF29CCD4BA00CBF0BE /* Yumurta ZamanlayicisiUITests.xctest */;
			productType = "com.apple.product-type.bundle.ui-testing";
		};
/* End PBXNativeTarget section */

/* Begin PBXProject section */
		12536D9729CCD4B800CBF0BE /* Project object */ = {
			isa = PBXProject;
			attributes = {
				BuildIndependentTargetsInParallel = 1;
				LastSwiftUpdateCheck = 1420;
				LastUpgradeCheck = 1420;
				TargetAttributes = {
					12536D9E29CCD4B800CBF0BE = {
						CreatedOnToolsVersion = 14.2;
					};
					12536DB429CCD4BA00CBF0BE = {
						CreatedOnToolsVersion = 14.2;
						TestTargetID = 12536D9E29CCD4B800CBF0BE;
					};
					12536DBE29CCD4BA00CBF0BE = {
						CreatedOnToolsVersion = 14.2;
						TestTargetID = 12536D9E29CCD4B800CBF0BE;
					};
				};
			};
			buildConfigurationList = 12536D9A29CCD4B800CBF0BE /* Build configuration list for PBXProject "Yumurta Zamanlayicisi" */;
			compatibilityVersion = "Xcode 14.0";
			developmentRegion = en;
			hasScannedForEncodings = 0;
			knownRegions = (
				en,
				Base,
			);
			mainGroup = 12536D9629CCD4B800CBF0BE;
			productRefGroup = 12536DA029CCD4B800CBF0BE /* Products */;
			projectDirPath = "";
			projectRoot = "";
			targets = (
				12536D9E29CCD4B800CBF0BE /* Yumurta Zamanlayicisi */,
				12536DB429CCD4BA00CBF0BE /* Yumurta ZamanlayicisiTests */,
				12536DBE29CCD4BA00CBF0BE /* Yumurta ZamanlayicisiUITests */,
			);
		};
/* End PBXProject section */

/* Begin PBXResourcesBuildPhase section */
		12536D9D29CCD4B800CBF0BE /* Resources */ = {
			isa = PBXResourcesBuildPhase;
			buildActionMask = 2147483647;
			files = (
				12536DAF29CCD4BA00CBF0BE /* LaunchScreen.storyboard in Resources */,
				12536DAC29CCD4BA00CBF0BE /* Assets.xcassets in Resources */,
				12536DAA29CCD4B800CBF0BE /* Main.storyboard in Resources */,
			);
			runOnlyForDeploymentPostprocessing = 0;
		};
		12536DB329CCD4BA00CBF0BE /* Resources */ = {
			isa = PBXResourcesBuildPhase;
			buildActionMask = 2147483647;
			files = (
			);
			runOnlyForDeploymentPostprocessing = 0;
		};
		12536DBD29CCD4BA00CBF0BE /* Resources */ = {
			isa = PBXResourcesBuildPhase;
			buildActionMask = 2147483647;
			files = (
			);
			runOnlyForDeploymentPostprocessing = 0;
		};
/* End PBXResourcesBuildPhase section */

/* Begin PBXSourcesBuildPhase section */
		12536D9B29CCD4B800CBF0BE /* Sources */ = {
			isa = PBXSourcesBuildPhase;
			buildActionMask = 2147483647;
			files = (
				12536DA729CCD4B800CBF0BE /* ViewController.swift in Sources */,
				12536DA329CCD4B800CBF0BE /* AppDelegate.swift in Sources */,
				12536DA529CCD4B800CBF0BE /* SceneDelegate.swift in Sources */,
			);
			runOnlyForDeploymentPostprocessing = 0;
		};
		12536DB129CCD4BA00CBF0BE /* Sources */ = {
			isa = PBXSourcesBuildPhase;
			buildActionMask = 2147483647;
			files = (
				12536DBA29CCD4BA00CBF0BE /* Yumurta_ZamanlayicisiTests.swift in Sources */,
			);
			runOnlyForDeploymentPostprocessing = 0;
		};
		12536DBB29CCD4BA00CBF0BE /* Sources */ = {
			isa = PBXSourcesBuildPhase;
			buildActionMask = 2147483647;
			files = (
				12536DC429CCD4BA00CBF0BE /* Yumurta_ZamanlayicisiUITests.swift in Sources */,
				12536DC629CCD4BA00CBF0BE /* Yumurta_ZamanlayicisiUITestsLaunchTests.swift in Sources */,
			);
			runOnlyForDeploymentPostprocessing = 0;
		};
/* End PBXSourcesBuildPhase section */

/* Begin PBXTargetDependency section */
		12536DB729CCD4BA00CBF0BE /* PBXTargetDependency */ = {
			isa = PBXTargetDependency;
			target = 12536D9E29CCD4B800CBF0BE /* Yumurta Zamanlayicisi */;
			targetProxy = 12536DB629CCD4BA00CBF0BE /* PBXContainerItemProxy */;
		};
		12536DC129CCD4BA00CBF0BE /* PBXTargetDependency */ = {
			isa = PBXTargetDependency;
			target = 12536D9E29CCD4B800CBF0BE /* Yumurta Zamanlayicisi */;
			targetProxy = 12536DC029CCD4BA00CBF0BE /* PBXContainerItemProxy */;
		};
/* End PBXTargetDependency section */

/* Begin PBXVariantGroup section */
		12536DA829CCD4B800CBF0BE /* Main.storyboard */ = {
			isa = PBXVariantGroup;
			children = (
				12536DA929CCD4B800CBF0BE /* Base */,
			);
			name = Main.storyboard;
			sourceTree = "<group>";
		};
		12536DAD29CCD4BA00CBF0BE /* LaunchScreen.storyboard */ = {
			isa = PBXVariantGroup;
			children = (
				12536DAE29CCD4BA00CBF0BE /* Base */,
			);
			name = LaunchScreen.storyboard;
			sourceTree = "<group>";
		};
/* End PBXVariantGroup section */

/* Begin XCBuildConfiguration section */
		12536DC729CCD4BA00CBF0BE /* Debug */ = {
			isa = XCBuildConfiguration;
			buildSettings = {
				ALWAYS_SEARCH_USER_PATHS = NO;
				CLANG_ANALYZER_NONNULL = YES;
				CLANG_ANALYZER_NUMBER_OBJECT_CONVERSION = YES_AGGRESSIVE;
				CLANG_CXX_LANGUAGE_STANDARD = "gnu++20";
				CLANG_ENABLE_MODULES = YES;
				CLANG_ENABLE_OBJC_ARC = YES;
				CLANG_ENABLE_OBJC_WEAK = YES;
				CLANG_WARN_BLOCK_CAPTURE_AUTORELEASING = YES;
				CLANG_WARN_BOOL_CONVERSION = YES;
				CLANG_WARN_COMMA = YES;
				CLANG_WARN_CONSTANT_CONVERSION = YES;
				CLANG_WARN_DEPRECATED_OBJC_IMPLEMENTATIONS = YES;
				CLANG_WARN_DIRECT_OBJC_ISA_USAGE = YES_ERROR;
				CLANG_WARN_DOCUMENTATION_COMMENTS = YES;
				CLANG_WARN_EMPTY_BODY = YES;
				CLANG_WARN_ENUM_CONVERSION = YES;
				CLANG_WARN_INFINITE_RECURSION = YES;
				CLANG_WARN_INT_CONVERSION = YES;
				CLANG_WARN_NON_LITERAL_NULL_CONVERSION = YES;
				CLANG_WARN_OBJC_IMPLICIT_RETAIN_SELF = YES;
				CLANG_WARN_OBJC_LITERAL_CONVERSION = YES;
				CLANG_WARN_OBJC_ROOT_CLASS = YES_ERROR;
				CLANG_WARN_QUOTED_INCLUDE_IN_FRAMEWORK_HEADER = YES;
				CLANG_WARN_RANGE_LOOP_ANALYSIS = YES;
				CLANG_WARN_STRICT_PROTOTYPES = YES;
				CLANG_WARN_SUSPICIOUS_MOVE = YES;
				CLANG_WARN_UNGUARDED_AVAILABILITY = YES_AGGRESSIVE;
				CLANG_WARN_UNREACHABLE_CODE = YES;
				CLANG_WARN__DUPLICATE_METHOD_MATCH = YES;
				COPY_PHASE_STRIP = NO;
				DEBUG_INFORMATION_FORMAT = dwarf;
				ENABLE_STRICT_OBJC_MSGSEND = YES;
				ENABLE_TESTABILITY = YES;
				GCC_C_LANGUAGE_STANDARD = gnu11;
				GCC_DYNAMIC_NO_PIC = NO;
				GCC_NO_COMMON_BLOCKS = YES;
				GCC_OPTIMIZATION_LEVEL = 0;
				GCC_PREPROCESSOR_DEFINITIONS = (
					"DEBUG=1",
					"$(inherited)",
				);
				GCC_WARN_64_TO_32_BIT_CONVERSION = YES;
				GCC_WARN_ABOUT_RETURN_TYPE = YES_ERROR;
				GCC_WARN_UNDECLARED_SELECTOR = YES;
				GCC_WARN_UNINITIALIZED_AUTOS = YES_AGGRESSIVE;
				GCC_WARN_UNUSED_FUNCTION = YES;
				GCC_WARN_UNUSED_VARIABLE = YES;
				IPHONEOS_DEPLOYMENT_TARGET = 16.2;
				MTL_ENABLE_DEBUG_INFO = INCLUDE_SOURCE;
				MTL_FAST_MATH = YES;
				ONLY_ACTIVE_ARCH = YES;
				SDKROOT = iphoneos;
				SWIFT_ACTIVE_COMPILATION_CONDITIONS = DEBUG;
				SWIFT_OPTIMIZATION_LEVEL = "-Onone";
			};
			name = Debug;
		};
		12536DC829CCD4BA00CBF0BE /* Release */ = {
			isa = XCBuildConfiguration;
			buildSettings = {
				ALWAYS_SEARCH_USER_PATHS = NO;
				CLANG_ANALYZER_NONNULL = YES;
				CLANG_ANALYZER_NUMBER_OBJECT_CONVERSION = YES_AGGRESSIVE;
				CLANG_CXX_LANGUAGE_STANDARD = "gnu++20";
				CLANG_ENABLE_MODULES = YES;
				CLANG_ENABLE_OBJC_ARC = YES;
				CLANG_ENABLE_OBJC_WEAK = YES;
				CLANG_WARN_BLOCK_CAPTURE_AUTORELEASING = YES;
				CLANG_WARN_BOOL_CONVERSION = YES;
				CLANG_WARN_COMMA = YES;
				CLANG_WARN_CONSTANT_CONVERSION = YES;
				CLANG_WARN_DEPRECATED_OBJC_IMPLEMENTATIONS = YES;
				CLANG_WARN_DIRECT_OBJC_ISA_USAGE = YES_ERROR;
				CLANG_WARN_DOCUMENTATION_COMMENTS = YES;
				CLANG_WARN_EMPTY_BODY = YES;
				CLANG_WARN_ENUM_CONVERSION = YES;
				CLANG_WARN_INFINITE_RECURSION = YES;
				CLANG_WARN_INT_CONVERSION = YES;
				CLANG_WARN_NON_LITERAL_NULL_CONVERSION = YES;
				CLANG_WARN_OBJC_IMPLICIT_RETAIN_SELF = YES;
				CLANG_WARN_OBJC_LITERAL_CONVERSION = YES;
				CLANG_WARN_OBJC_ROOT_CLASS = YES_ERROR;
				CLANG_WARN_QUOTED_INCLUDE_IN_FRAMEWORK_HEADER = YES;
				CLANG_WARN_RANGE_LOOP_ANALYSIS = YES;
				CLANG_WARN_STRICT_PROTOTYPES = YES;
				CLANG_WARN_SUSPICIOUS_MOVE = YES;
				CLANG_WARN_UNGUARDED_AVAILABILITY = YES_AGGRESSIVE;
				CLANG_WARN_UNREACHABLE_CODE = YES;
				CLANG_WARN__DUPLICATE_METHOD_MATCH = YES;
				COPY_PHASE_STRIP = NO;
				DEBUG_INFORMATION_FORMAT = "dwarf-with-dsym";
				ENABLE_NS_ASSERTIONS = NO;
				ENABLE_STRICT_OBJC_MSGSEND = YES;
				GCC_C_LANGUAGE_STANDARD = gnu11;
				GCC_NO_COMMON_BLOCKS = YES;
				GCC_WARN_64_TO_32_BIT_CONVERSION = YES;
				GCC_WARN_ABOUT_RETURN_TYPE = YES_ERROR;
				GCC_WARN_UNDECLARED_SELECTOR = YES;
				GCC_WARN_UNINITIALIZED_AUTOS = YES_AGGRESSIVE;
				GCC_WARN_UNUSED_FUNCTION = YES;
				GCC_WARN_UNUSED_VARIABLE = YES;
				IPHONEOS_DEPLOYMENT_TARGET = 16.2;
				MTL_ENABLE_DEBUG_INFO = NO;
				MTL_FAST_MATH = YES;
				SDKROOT = iphoneos;
				SWIFT_COMPILATION_MODE = wholemodule;
				SWIFT_OPTIMIZATION_LEVEL = "-O";
				VALIDATE_PRODUCT = YES;
			};
			name = Release;
		};
		12536DCA29CCD4BA00CBF0BE /* Debug */ = {
			isa = XCBuildConfiguration;
			buildSettings = {
				ASSETCATALOG_COMPILER_APPICON_NAME = AppIcon;
				ASSETCATALOG_COMPILER_GLOBAL_ACCENT_COLOR_NAME = AccentColor;
				CODE_SIGN_STYLE = Automatic;
				CURRENT_PROJECT_VERSION = 1;
				GENERATE_INFOPLIST_FILE = YES;
				INFOPLIST_FILE = "Yumurta Zamanlayicisi/Info.plist";
				INFOPLIST_KEY_UIApplicationSupportsIndirectInputEvents = YES;
				INFOPLIST_KEY_UILaunchStoryboardName = LaunchScreen;
				INFOPLIST_KEY_UIMainStoryboardFile = Main;
				INFOPLIST_KEY_UISupportedInterfaceOrientations_iPad = "UIInterfaceOrientationPortrait UIInterfaceOrientationPortraitUpsideDown UIInterfaceOrientationLandscapeLeft UIInterfaceOrientationLandscapeRight";
				INFOPLIST_KEY_UISupportedInterfaceOrientations_iPhone = "UIInterfaceOrientationPortrait UIInterfaceOrientationLandscapeLeft UIInterfaceOrientationLandscapeRight";
				LD_RUNPATH_SEARCH_PATHS = (
					"$(inherited)",
					"@executable_path/Frameworks",
				);
				MARKETING_VERSION = 1.0;
				PRODUCT_BUNDLE_IDENTIFIER = "info.Yumurta-Zamanlayicisi";
				PRODUCT_NAME = "$(TARGET_NAME)";
				SWIFT_EMIT_LOC_STRINGS = YES;
				SWIFT_VERSION = 5.0;
				TARGETED_DEVICE_FAMILY = "1,2";
			};
			name = Debug;
		};
		12536DCB29CCD4BA00CBF0BE /* Release */ = {
			isa = XCBuildConfiguration;
			buildSettings = {
				ASSETCATALOG_COMPILER_APPICON_NAME = AppIcon;
				ASSETCATALOG_COMPILER_GLOBAL_ACCENT_COLOR_NAME = AccentColor;
				CODE_SIGN_STYLE = Automatic;
				CURRENT_PROJECT_VERSION = 1;
				GENERATE_INFOPLIST_FILE = YES;
				INFOPLIST_FILE = "Yumurta Zamanlayicisi/Info.plist";
				INFOPLIST_KEY_UIApplicationSupportsIndirectInputEvents = YES;
				INFOPLIST_KEY_UILaunchStoryboardName = LaunchScreen;
				INFOPLIST_KEY_UIMainStoryboardFile = Main;
				INFOPLIST_KEY_UISupportedInterfaceOrientations_iPad = "UIInterfaceOrientationPortrait UIInterfaceOrientationPortraitUpsideDown UIInterfaceOrientationLandscapeLeft UIInterfaceOrientationLandscapeRight";
				INFOPLIST_KEY_UISupportedInterfaceOrientations_iPhone = "UIInterfaceOrientationPortrait UIInterfaceOrientationLandscapeLeft UIInterfaceOrientationLandscapeRight";
				LD_RUNPATH_SEARCH_PATHS = (
					"$(inherited)",
					"@executable_path/Frameworks",
				);
				MARKETING_VERSION = 1.0;
				PRODUCT_BUNDLE_IDENTIFIER = "info.Yumurta-Zamanlayicisi";
				PRODUCT_NAME = "$(TARGET_NAME)";
				SWIFT_EMIT_LOC_STRINGS = YES;
				SWIFT_VERSION = 5.0;
				TARGETED_DEVICE_FAMILY = "1,2";
			};
			name = Release;
		};
		12536DCD29CCD4BA00CBF0BE /* Debug */ = {
			isa = XCBuildConfiguration;
			buildSettings = {
				ALWAYS_EMBED_SWIFT_STANDARD_LIBRARIES = YES;
				BUNDLE_LOADER = "$(TEST_HOST)";
				CODE_SIGN_STYLE = Automatic;
				CURRENT_PROJECT_VERSION = 1;
				GENERATE_INFOPLIST_FILE = YES;
				IPHONEOS_DEPLOYMENT_TARGET = 16.2;
				MARKETING_VERSION = 1.0;
				PRODUCT_BUNDLE_IDENTIFIER = "info.Yumurta-ZamanlayicisiTests";
				PRODUCT_NAME = "$(TARGET_NAME)";
				SWIFT_EMIT_LOC_STRINGS = NO;
				SWIFT_VERSION = 5.0;
				TARGETED_DEVICE_FAMILY = "1,2";
				TEST_HOST = "$(BUILT_PRODUCTS_DIR)/Yumurta Zamanlayicisi.app/$(BUNDLE_EXECUTABLE_FOLDER_PATH)/Yumurta Zamanlayicisi";
			};
			name = Debug;
		};
		12536DCE29CCD4BA00CBF0BE /* Release */ = {
			isa = XCBuildConfiguration;
			buildSettings = {
				ALWAYS_EMBED_SWIFT_STANDARD_LIBRARIES = YES;
				BUNDLE_LOADER = "$(TEST_HOST)";
				CODE_SIGN_STYLE = Automatic;
				CURRENT_PROJECT_VERSION = 1;
				GENERATE_INFOPLIST_FILE = YES;
				IPHONEOS_DEPLOYMENT_TARGET = 16.2;
				MARKETING_VERSION = 1.0;
				PRODUCT_BUNDLE_IDENTIFIER = "info.Yumurta-ZamanlayicisiTests";
				PRODUCT_NAME = "$(TARGET_NAME)";
				SWIFT_EMIT_LOC_STRINGS = NO;
				SWIFT_VERSION = 5.0;
				TARGETED_DEVICE_FAMILY = "1,2";
				TEST_HOST = "$(BUILT_PRODUCTS_DIR)/Yumurta Zamanlayicisi.app/$(BUNDLE_EXECUTABLE_FOLDER_PATH)/Yumurta Zamanlayicisi";
			};
			name = Release;
		};
		12536DD029CCD4BA00CBF0BE /* Debug */ = {
			isa = XCBuildConfiguration;
			buildSettings = {
				ALWAYS_EMBED_SWIFT_STANDARD_LIBRARIES = YES;
				CODE_SIGN_STYLE = Automatic;
				CURRENT_PROJECT_VERSION = 1;
				GENERATE_INFOPLIST_FILE = YES;
				MARKETING_VERSION = 1.0;
				PRODUCT_BUNDLE_IDENTIFIER = "info.Yumurta-ZamanlayicisiUITests";
				PRODUCT_NAME = "$(TARGET_NAME)";
				SWIFT_EMIT_LOC_STRINGS = NO;
				SWIFT_VERSION = 5.0;
				TARGETED_DEVICE_FAMILY = "1,2";
				TEST_TARGET_NAME = "Yumurta Zamanlayicisi";
			};
			name = Debug;
		};
		12536DD129CCD4BA00CBF0BE /* Release */ = {
			isa = XCBuildConfiguration;
			buildSettings = {
				ALWAYS_EMBED_SWIFT_STANDARD_LIBRARIES = YES;
				CODE_SIGN_STYLE = Automatic;
				CURRENT_PROJECT_VERSION = 1;
				GENERATE_INFOPLIST_FILE = YES;
				MARKETING_VERSION = 1.0;
				PRODUCT_BUNDLE_IDENTIFIER = "info.Yumurta-ZamanlayicisiUITests";
				PRODUCT_NAME = "$(TARGET_NAME)";
				SWIFT_EMIT_LOC_STRINGS = NO;
				SWIFT_VERSION = 5.0;
				TARGETED_DEVICE_FAMILY = "1,2";
				TEST_TARGET_NAME = "Yumurta Zamanlayicisi";
			};
			name = Release;
		};
/* End XCBuildConfiguration section */

/* Begin XCConfigurationList section */
		12536D9A29CCD4B800CBF0BE /* Build configuration list for PBXProject "Yumurta Zamanlayicisi" */ = {
			isa = XCConfigurationList;
			buildConfigurations = (
				12536DC729CCD4BA00CBF0BE /* Debug */,
				12536DC829CCD4BA00CBF0BE /* Release */,
			);
			defaultConfigurationIsVisible = 0;
			defaultConfigurationName = Release;
		};
		12536DC929CCD4BA00CBF0BE /* Build configuration list for PBXNativeTarget "Yumurta Zamanlayicisi" */ = {
			isa = XCConfigurationList;
			buildConfigurations = (
				12536DCA29CCD4BA00CBF0BE /* Debug */,
				12536DCB29CCD4BA00CBF0BE /* Release */,
			);
			defaultConfigurationIsVisible = 0;
			defaultConfigurationName = Release;
		};
		12536DCC29CCD4BA00CBF0BE /* Build configuration list for PBXNativeTarget "Yumurta ZamanlayicisiTests" */ = {
			isa = XCConfigurationList;
			buildConfigurations = (
				12536DCD29CCD4BA00CBF0BE /* Debug */,
				12536DCE29CCD4BA00CBF0BE /* Release */,
			);
			defaultConfigurationIsVisible = 0;
			defaultConfigurationName = Release;
		};
		12536DCF29CCD4BA00CBF0BE /* Build configuration list for PBXNativeTarget "Yumurta ZamanlayicisiUITests" */ = {
			isa = XCConfigurationList;
			buildConfigurations = (
				12536DD029CCD4BA00CBF0BE /* Debug */,
				12536DD129CCD4BA00CBF0BE /* Release */,
			);
			defaultConfigurationIsVisible = 0;
			defaultConfigurationName = Release;
		};
/* End XCConfigurationList section */
	};
	rootObject = 12536D9729CCD4B800CBF0BE /* Project object */;
}
